// !$*UTF8*$!
{
	archiveVersion = 1;
	classes = {
	};
	objectVersion = 46;
	objects = {

/* Begin PBXBuildFile section */
		11F9C6531E5457B7003BAAEA /* main.m in Sources */ = {isa = PBXBuildFile; fileRef = 11F9C6521E5457B7003BAAEA /* main.m */; };
		11F9C6561E5457B7003BAAEA /* AppDelegate.m in Sources */ = {isa = PBXBuildFile; fileRef = 11F9C6551E5457B7003BAAEA /* AppDelegate.m */; };
		11F9C6591E5457B7003BAAEA /* ViewController.m in Sources */ = {isa = PBXBuildFile; fileRef = 11F9C6581E5457B7003BAAEA /* ViewController.m */; };
		11F9C65C1E5457B7003BAAEA /* Main.storyboard in Resources */ = {isa = PBXBuildFile; fileRef = 11F9C65A1E5457B7003BAAEA /* Main.storyboard */; };
		11F9C65E1E5457B7003BAAEA /* Assets.xcassets in Resources */ = {isa = PBXBuildFile; fileRef = 11F9C65D1E5457B7003BAAEA /* Assets.xcassets */; };
		11F9C6611E5457B7003BAAEA /* LaunchScreen.storyboard in Resources */ = {isa = PBXBuildFile; fileRef = 11F9C65F1E5457B7003BAAEA /* LaunchScreen.storyboard */; };
		11F9C66C1E5457B7003BAAEA /* TestDemoTests.m in Sources */ = {isa = PBXBuildFile; fileRef = 11F9C66B1E5457B7003BAAEA /* TestDemoTests.m */; };
		11F9C6771E5457B7003BAAEA /* TestDemoUITests.m in Sources */ = {isa = PBXBuildFile; fileRef = 11F9C6761E5457B7003BAAEA /* TestDemoUITests.m */; };
		11F9C6851E5470DF003BAAEA /* hahaha.png in Resources */ = {isa = PBXBuildFile; fileRef = 11F9C6841E5470DF003BAAEA /* hahaha.png */; };
		11F9C6901E55A25F003BAAEA /* YQThread.m in Sources */ = {isa = PBXBuildFile; fileRef = 11F9C68F1E55A25F003BAAEA /* YQThread.m */; };
		11F9C6931E55AB02003BAAEA /* Person.m in Sources */ = {isa = PBXBuildFile; fileRef = 11F9C6921E55AB02003BAAEA /* Person.m */; };
		11F9C6961E55AF23003BAAEA /* Person+category.m in Sources */ = {isa = PBXBuildFile; fileRef = 11F9C6951E55AF23003BAAEA /* Person+category.m */; };
		11F9C6991E56AC0A003BAAEA /* NSObject+Extension.m in Sources */ = {isa = PBXBuildFile; fileRef = 11F9C6981E56AC0A003BAAEA /* NSObject+Extension.m */; };
/* End PBXBuildFile section */

/* Begin PBXContainerItemProxy section */
		11F9C6681E5457B7003BAAEA /* PBXContainerItemProxy */ = {
			isa = PBXContainerItemProxy;
			containerPortal = 11F9C6461E5457B7003BAAEA /* Project object */;
			proxyType = 1;
			remoteGlobalIDString = 11F9C64D1E5457B7003BAAEA;
			remoteInfo = TestDemo;
		};
		11F9C6731E5457B7003BAAEA /* PBXContainerItemProxy */ = {
			isa = PBXContainerItemProxy;
			containerPortal = 11F9C6461E5457B7003BAAEA /* Project object */;
			proxyType = 1;
			remoteGlobalIDString = 11F9C64D1E5457B7003BAAEA;
			remoteInfo = TestDemo;
		};
/* End PBXContainerItemProxy section */

/* Begin PBXFileReference section */
		11F9C64E1E5457B7003BAAEA /* TestDemo.app */ = {isa = PBXFileReference; explicitFileType = wrapper.application; includeInIndex = 0; path = TestDemo.app; sourceTree = BUILT_PRODUCTS_DIR; };
		11F9C6521E5457B7003BAAEA /* main.m */ = {isa = PBXFileReference; lastKnownFileType = sourcecode.c.objc; path = main.m; sourceTree = "<group>"; };
		11F9C6541E5457B7003BAAEA /* AppDelegate.h */ = {isa = PBXFileReference; lastKnownFileType = sourcecode.c.h; path = AppDelegate.h; sourceTree = "<group>"; };
		11F9C6551E5457B7003BAAEA /* AppDelegate.m */ = {isa = PBXFileReference; lastKnownFileType = sourcecode.c.objc; path = AppDelegate.m; sourceTree = "<group>"; };
		11F9C6571E5457B7003BAAEA /* ViewController.h */ = {isa = PBXFileReference; lastKnownFileType = sourcecode.c.h; path = ViewController.h; sourceTree = "<group>"; };
		11F9C6581E5457B7003BAAEA /* ViewController.m */ = {isa = PBXFileReference; lastKnownFileType = sourcecode.c.objc; path = ViewController.m; sourceTree = "<group>"; };
		11F9C65B1E5457B7003BAAEA /* Base */ = {isa = PBXFileReference; lastKnownFileType = file.storyboard; name = Base; path = Base.lproj/Main.storyboard; sourceTree = "<group>"; };
		11F9C65D1E5457B7003BAAEA /* Assets.xcassets */ = {isa = PBXFileReference; lastKnownFileType = folder.assetcatalog; path = Assets.xcassets; sourceTree = "<group>"; };
		11F9C6601E5457B7003BAAEA /* Base */ = {isa = PBXFileReference; lastKnownFileType = file.storyboard; name = Base; path = Base.lproj/LaunchScreen.storyboard; sourceTree = "<group>"; };
		11F9C6621E5457B7003BAAEA /* Info.plist */ = {isa = PBXFileReference; lastKnownFileType = text.plist.xml; path = Info.plist; sourceTree = "<group>"; };
		11F9C6671E5457B7003BAAEA /* TestDemoTests.xctest */ = {isa = PBXFileReference; explicitFileType = wrapper.cfbundle; includeInIndex = 0; path = TestDemoTests.xctest; sourceTree = BUILT_PRODUCTS_DIR; };
		11F9C66B1E5457B7003BAAEA /* TestDemoTests.m */ = {isa = PBXFileReference; lastKnownFileType = sourcecode.c.objc; path = TestDemoTests.m; sourceTree = "<group>"; };
		11F9C66D1E5457B7003BAAEA /* Info.plist */ = {isa = PBXFileReference; lastKnownFileType = text.plist.xml; path = Info.plist; sourceTree = "<group>"; };
		11F9C6721E5457B7003BAAEA /* TestDemoUITests.xctest */ = {isa = PBXFileReference; explicitFileType = wrapper.cfbundle; includeInIndex = 0; path = TestDemoUITests.xctest; sourceTree = BUILT_PRODUCTS_DIR; };
		11F9C6761E5457B7003BAAEA /* TestDemoUITests.m */ = {isa = PBXFileReference; lastKnownFileType = sourcecode.c.objc; path = TestDemoUITests.m; sourceTree = "<group>"; };
		11F9C6781E5457B7003BAAEA /* Info.plist */ = {isa = PBXFileReference; lastKnownFileType = text.plist.xml; path = Info.plist; sourceTree = "<group>"; };
		11F9C6841E5470DF003BAAEA /* hahaha.png */ = {isa = PBXFileReference; lastKnownFileType = image.png; path = hahaha.png; sourceTree = "<group>"; };
		11F9C68E1E55A25F003BAAEA /* YQThread.h */ = {isa = PBXFileReference; fileEncoding = 4; lastKnownFileType = sourcecode.c.h; path = YQThread.h; sourceTree = "<group>"; };
		11F9C68F1E55A25F003BAAEA /* YQThread.m */ = {isa = PBXFileReference; fileEncoding = 4; lastKnownFileType = sourcecode.c.objc; path = YQThread.m; sourceTree = "<group>"; };
		11F9C6911E55AB02003BAAEA /* Person.h */ = {isa = PBXFileReference; fileEncoding = 4; lastKnownFileType = sourcecode.c.h; path = Person.h; sourceTree = "<group>"; };
		11F9C6921E55AB02003BAAEA /* Person.m */ = {isa = PBXFileReference; fileEncoding = 4; lastKnownFileType = sourcecode.c.objc; path = Person.m; sourceTree = "<group>"; };
		11F9C6941E55AF23003BAAEA /* Person+category.h */ = {isa = PBXFileReference; fileEncoding = 4; lastKnownFileType = sourcecode.c.h; path = "Person+category.h"; sourceTree = "<group>"; };
		11F9C6951E55AF23003BAAEA /* Person+category.m */ = {isa = PBXFileReference; fileEncoding = 4; lastKnownFileType = sourcecode.c.objc; path = "Person+category.m"; sourceTree = "<group>"; };
		11F9C6971E56AC0A003BAAEA /* NSObject+Extension.h */ = {isa = PBXFileReference; fileEncoding = 4; lastKnownFileType = sourcecode.c.h; path = "NSObject+Extension.h"; sourceTree = "<group>"; };
		11F9C6981E56AC0A003BAAEA /* NSObject+Extension.m */ = {isa = PBXFileReference; fileEncoding = 4; lastKnownFileType = sourcecode.c.objc; path = "NSObject+Extension.m"; sourceTree = "<group>"; };
/* End PBXFileReference section */

/* Begin PBXFrameworksBuildPhase section */
		11F9C64B1E5457B7003BAAEA /* Frameworks */ = {
			isa = PBXFrameworksBuildPhase;
			buildActionMask = 2147483647;
			files = (
			);
			runOnlyForDeploymentPostprocessing = 0;
		};
		11F9C6641E5457B7003BAAEA /* Frameworks */ = {
			isa = PBXFrameworksBuildPhase;
			buildActionMask = 2147483647;
			files = (
			);
			runOnlyForDeploymentPostprocessing = 0;
		};
		11F9C66F1E5457B7003BAAEA /* Frameworks */ = {
			isa = PBXFrameworksBuildPhase;
			buildActionMask = 2147483647;
			files = (
			);
			runOnlyForDeploymentPostprocessing = 0;
		};
/* End PBXFrameworksBuildPhase section */

/* Begin PBXGroup section */
		11F9C6451E5457B7003BAAEA = {
			isa = PBXGroup;
			children = (
				11F9C6501E5457B7003BAAEA /* TestDemo */,
				11F9C66A1E5457B7003BAAEA /* TestDemoTests */,
				11F9C6751E5457B7003BAAEA /* TestDemoUITests */,
				11F9C64F1E5457B7003BAAEA /* Products */,
			);
			sourceTree = "<group>";
		};
		11F9C64F1E5457B7003BAAEA /* Products */ = {
			isa = PBXGroup;
			children = (
				11F9C64E1E5457B7003BAAEA /* TestDemo.app */,
				11F9C6671E5457B7003BAAEA /* TestDemoTests.xctest */,
				11F9C6721E5457B7003BAAEA /* TestDemoUITests.xctest */,
			);
			name = Products;
			sourceTree = "<group>";
		};
		11F9C6501E5457B7003BAAEA /* TestDemo */ = {
			isa = PBXGroup;
			children = (
				11F9C6841E5470DF003BAAEA /* hahaha.png */,
				11F9C6541E5457B7003BAAEA /* AppDelegate.h */,
				11F9C6551E5457B7003BAAEA /* AppDelegate.m */,
				11F9C6571E5457B7003BAAEA /* ViewController.h */,
				11F9C6581E5457B7003BAAEA /* ViewController.m */,
				11F9C6971E56AC0A003BAAEA /* NSObject+Extension.h */,
				11F9C6981E56AC0A003BAAEA /* NSObject+Extension.m */,
				11F9C6911E55AB02003BAAEA /* Person.h */,
				11F9C6921E55AB02003BAAEA /* Person.m */,
				11F9C6941E55AF23003BAAEA /* Person+category.h */,
				11F9C6951E55AF23003BAAEA /* Person+category.m */,
				11F9C65A1E5457B7003BAAEA /* Main.storyboard */,
				11F9C65D1E5457B7003BAAEA /* Assets.xcassets */,
				11F9C65F1E5457B7003BAAEA /* LaunchScreen.storyboard */,
				11F9C6621E5457B7003BAAEA /* Info.plist */,
				11F9C6511E5457B7003BAAEA /* Supporting Files */,
				11F9C68E1E55A25F003BAAEA /* YQThread.h */,
				11F9C68F1E55A25F003BAAEA /* YQThread.m */,
			);
			path = TestDemo;
			sourceTree = "<group>";
		};
		11F9C6511E5457B7003BAAEA /* Supporting Files */ = {
			isa = PBXGroup;
			children = (
				11F9C6521E5457B7003BAAEA /* main.m */,
			);
			name = "Supporting Files";
			sourceTree = "<group>";
		};
		11F9C66A1E5457B7003BAAEA /* TestDemoTests */ = {
			isa = PBXGroup;
			children = (
				11F9C66B1E5457B7003BAAEA /* TestDemoTests.m */,
				11F9C66D1E5457B7003BAAEA /* Info.plist */,
			);
			path = TestDemoTests;
			sourceTree = "<group>";
		};
		11F9C6751E5457B7003BAAEA /* TestDemoUITests */ = {
			isa = PBXGroup;
			children = (
				11F9C6761E5457B7003BAAEA /* TestDemoUITests.m */,
				11F9C6781E5457B7003BAAEA /* Info.plist */,
			);
			path = TestDemoUITests;
			sourceTree = "<group>";
		};
/* End PBXGroup section */

/* Begin PBXNativeTarget section */
		11F9C64D1E5457B7003BAAEA /* TestDemo */ = {
			isa = PBXNativeTarget;
			buildConfigurationList = 11F9C67B1E5457B7003BAAEA /* Build configuration list for PBXNativeTarget "TestDemo" */;
			buildPhases = (
				11F9C64A1E5457B7003BAAEA /* Sources */,
				11F9C64B1E5457B7003BAAEA /* Frameworks */,
				11F9C64C1E5457B7003BAAEA /* Resources */,
			);
			buildRules = (
			);
			dependencies = (
			);
			name = TestDemo;
			productName = TestDemo;
			productReference = 11F9C64E1E5457B7003BAAEA /* TestDemo.app */;
			productType = "com.apple.product-type.application";
		};
		11F9C6661E5457B7003BAAEA /* TestDemoTests */ = {
			isa = PBXNativeTarget;
			buildConfigurationList = 11F9C67E1E5457B7003BAAEA /* Build configuration list for PBXNativeTarget "TestDemoTests" */;
			buildPhases = (
				11F9C6631E5457B7003BAAEA /* Sources */,
				11F9C6641E5457B7003BAAEA /* Frameworks */,
				11F9C6651E5457B7003BAAEA /* Resources */,
			);
			buildRules = (
			);
			dependencies = (
				11F9C6691E5457B7003BAAEA /* PBXTargetDependency */,
			);
			name = TestDemoTests;
			productName = TestDemoTests;
			productReference = 11F9C6671E5457B7003BAAEA /* TestDemoTests.xctest */;
			productType = "com.apple.product-type.bundle.unit-test";
		};
		11F9C6711E5457B7003BAAEA /* TestDemoUITests */ = {
			isa = PBXNativeTarget;
			buildConfigurationList = 11F9C6811E5457B7003BAAEA /* Build configuration list for PBXNativeTarget "TestDemoUITests" */;
			buildPhases = (
				11F9C66E1E5457B7003BAAEA /* Sources */,
				11F9C66F1E5457B7003BAAEA /* Frameworks */,
				11F9C6701E5457B7003BAAEA /* Resources */,
			);
			buildRules = (
			);
			dependencies = (
				11F9C6741E5457B7003BAAEA /* PBXTargetDependency */,
			);
			name = TestDemoUITests;
			productName = TestDemoUITests;
			productReference = 11F9C6721E5457B7003BAAEA /* TestDemoUITests.xctest */;
			productType = "com.apple.product-type.bundle.ui-testing";
		};
/* End PBXNativeTarget section */

/* Begin PBXProject section */
		11F9C6461E5457B7003BAAEA /* Project object */ = {
			isa = PBXProject;
			attributes = {
				LastUpgradeCheck = 0820;
				ORGANIZATIONNAME = panhongliu;
				TargetAttributes = {
					11F9C64D1E5457B7003BAAEA = {
						CreatedOnToolsVersion = 8.2;
						DevelopmentTeam = L2LYHXGC7E;
						ProvisioningStyle = Automatic;
					};
					11F9C6661E5457B7003BAAEA = {
						CreatedOnToolsVersion = 8.2;
						DevelopmentTeam = L2LYHXGC7E;
						ProvisioningStyle = Automatic;
						TestTargetID = 11F9C64D1E5457B7003BAAEA;
					};
					11F9C6711E5457B7003BAAEA = {
						CreatedOnToolsVersion = 8.2;
						DevelopmentTeam = L2LYHXGC7E;
						ProvisioningStyle = Automatic;
						TestTargetID = 11F9C64D1E5457B7003BAAEA;
					};
				};
			};
			buildConfigurationList = 11F9C6491E5457B7003BAAEA /* Build configuration list for PBXProject "TestDemo" */;
			compatibilityVersion = "Xcode 3.2";
			developmentRegion = English;
			hasScannedForEncodings = 0;
			knownRegions = (
				en,
				Base,
			);
			mainGroup = 11F9C6451E5457B7003BAAEA;
			productRefGroup = 11F9C64F1E5457B7003BAAEA /* Products */;
			projectDirPath = "";
			projectRoot = "";
			targets = (
				11F9C64D1E5457B7003BAAEA /* TestDemo */,
				11F9C6661E5457B7003BAAEA /* TestDemoTests */,
				11F9C6711E5457B7003BAAEA /* TestDemoUITests */,
			);
		};
/* End PBXProject section */

/* Begin PBXResourcesBuildPhase section */
		11F9C64C1E5457B7003BAAEA /* Resources */ = {
			isa = PBXResourcesBuildPhase;
			buildActionMask = 2147483647;
			files = (
				11F9C6851E5470DF003BAAEA /* hahaha.png in Resources */,
				11F9C6611E5457B7003BAAEA /* LaunchScreen.storyboard in Resources */,
				11F9C65E1E5457B7003BAAEA /* Assets.xcassets in Resources */,
				11F9C65C1E5457B7003BAAEA /* Main.storyboard in Resources */,
			);
			runOnlyForDeploymentPostprocessing = 0;
		};
		11F9C6651E5457B7003BAAEA /* Resources */ = {
			isa = PBXResourcesBuildPhase;
			buildActionMask = 2147483647;
			files = (
			);
			runOnlyForDeploymentPostprocessing = 0;
		};
		11F9C6701E5457B7003BAAEA /* Resources */ = {
			isa = PBXResourcesBuildPhase;
			buildActionMask = 2147483647;
			files = (
			);
			runOnlyForDeploymentPostprocessing = 0;
		};
/* End PBXResourcesBuildPhase section */

/* Begin PBXSourcesBuildPhase section */
		11F9C64A1E5457B7003BAAEA /* Sources */ = {
			isa = PBXSourcesBuildPhase;
			buildActionMask = 2147483647;
			files = (
				11F9C6961E55AF23003BAAEA /* Person+category.m in Sources */,
				11F9C6591E5457B7003BAAEA /* ViewController.m in Sources */,
				11F9C6561E5457B7003BAAEA /* AppDelegate.m in Sources */,
				11F9C6931E55AB02003BAAEA /* Person.m in Sources */,
				11F9C6531E5457B7003BAAEA /* main.m in Sources */,
				11F9C6991E56AC0A003BAAEA /* NSObject+Extension.m in Sources */,
				11F9C6901E55A25F003BAAEA /* YQThread.m in Sources */,
			);
			runOnlyForDeploymentPostprocessing = 0;
		};
		11F9C6631E5457B7003BAAEA /* Sources */ = {
			isa = PBXSourcesBuildPhase;
			buildActionMask = 2147483647;
			files = (
				11F9C66C1E5457B7003BAAEA /* TestDemoTests.m in Sources */,
			);
			runOnlyForDeploymentPostprocessing = 0;
		};
		11F9C66E1E5457B7003BAAEA /* Sources */ = {
			isa = PBXSourcesBuildPhase;
			buildActionMask = 2147483647;
			files = (
				11F9C6771E5457B7003BAAEA /* TestDemoUITests.m in Sources */,
			);
			runOnlyForDeploymentPostprocessing = 0;
		};
/* End PBXSourcesBuildPhase section */

/* Begin PBXTargetDependency section */
		11F9C6691E5457B7003BAAEA /* PBXTargetDependency */ = {
			isa = PBXTargetDependency;
			target = 11F9C64D1E5457B7003BAAEA /* TestDemo */;
			targetProxy = 11F9C6681E5457B7003BAAEA /* PBXContainerItemProxy */;
		};
		11F9C6741E5457B7003BAAEA /* PBXTargetDependency */ = {
			isa = PBXTargetDependency;
			target = 11F9C64D1E5457B7003BAAEA /* TestDemo */;
			targetProxy = 11F9C6731E5457B7003BAAEA /* PBXContainerItemProxy */;
		};
/* End PBXTargetDependency section */

/* Begin PBXVariantGroup section */
		11F9C65A1E5457B7003BAAEA /* Main.storyboard */ = {
			isa = PBXVariantGroup;
			children = (
				11F9C65B1E5457B7003BAAEA /* Base */,
			);
			name = Main.storyboard;
			sourceTree = "<group>";
		};
		11F9C65F1E5457B7003BAAEA /* LaunchScreen.storyboard */ = {
			isa = PBXVariantGroup;
			children = (
				11F9C6601E5457B7003BAAEA /* Base */,
			);
			name = LaunchScreen.storyboard;
			sourceTree = "<group>";
		};
/* End PBXVariantGroup section */

/* Begin XCBuildConfiguration section */
		11F9C6791E5457B7003BAAEA /* Debug */ = {
			isa = XCBuildConfiguration;
			buildSettings = {
				ALWAYS_SEARCH_USER_PATHS = NO;
				CLANG_ANALYZER_NONNULL = YES;
				CLANG_CXX_LANGUAGE_STANDARD = "gnu++0x";
				CLANG_CXX_LIBRARY = "libc++";
				CLANG_ENABLE_MODULES = YES;
				CLANG_ENABLE_OBJC_ARC = YES;
				CLANG_WARN_BOOL_CONVERSION = YES;
				CLANG_WARN_CONSTANT_CONVERSION = YES;
				CLANG_WARN_DIRECT_OBJC_ISA_USAGE = YES_ERROR;
				CLANG_WARN_DOCUMENTATION_COMMENTS = YES;
				CLANG_WARN_EMPTY_BODY = YES;
				CLANG_WARN_ENUM_CONVERSION = YES;
				CLANG_WARN_INFINITE_RECURSION = YES;
				CLANG_WARN_INT_CONVERSION = YES;
				CLANG_WARN_OBJC_ROOT_CLASS = YES_ERROR;
				CLANG_WARN_SUSPICIOUS_MOVE = YES;
				CLANG_WARN_UNREACHABLE_CODE = YES;
				CLANG_WARN__DUPLICATE_METHOD_MATCH = YES;
				"CODE_SIGN_IDENTITY[sdk=iphoneos*]" = "iPhone Developer";
				COPY_PHASE_STRIP = NO;
				DEBUG_INFORMATION_FORMAT = dwarf;
				ENABLE_STRICT_OBJC_MSGSEND = YES;
				ENABLE_TESTABILITY = YES;
				GCC_C_LANGUAGE_STANDARD = gnu99;
				GCC_DYNAMIC_NO_PIC = NO;
				GCC_NO_COMMON_BLOCKS = YES;
				GCC_OPTIMIZATION_LEVEL = 0;
				GCC_PREPROCESSOR_DEFINITIONS = (
					"DEBUG=1",
					"$(inherited)",
				);
				GCC_WARN_64_TO_32_BIT_CONVERSION = YES;
				GCC_WARN_ABOUT_RETURN_TYPE = YES_ERROR;
				GCC_WARN_UNDECLARED_SELECTOR = YES;
				GCC_WARN_UNINITIALIZED_AUTOS = YES_AGGRESSIVE;
				GCC_WARN_UNUSED_FUNCTION = YES;
				GCC_WARN_UNUSED_VARIABLE = YES;
				IPHONEOS_DEPLOYMENT_TARGET = 10.2;
				MTL_ENABLE_DEBUG_INFO = YES;
				ONLY_ACTIVE_ARCH = YES;
				SDKROOT = iphoneos;
				TARGETED_DEVICE_FAMILY = "1,2";
			};
			name = Debug;
		};
		11F9C67A1E5457B7003BAAEA /* Release */ = {
			isa = XCBuildConfiguration;
			buildSettings = {
				ALWAYS_SEARCH_USER_PATHS = NO;
				CLANG_ANALYZER_NONNULL = YES;
				CLANG_CXX_LANGUAGE_STANDARD = "gnu++0x";
				CLANG_CXX_LIBRARY = "libc++";
				CLANG_ENABLE_MODULES = YES;
				CLANG_ENABLE_OBJC_ARC = YES;
				CLANG_WARN_BOOL_CONVERSION = YES;
				CLANG_WARN_CONSTANT_CONVERSION = YES;
				CLANG_WARN_DIRECT_OBJC_ISA_USAGE = YES_ERROR;
				CLANG_WARN_DOCUMENTATION_COMMENTS = YES;
				CLANG_WARN_EMPTY_BODY = YES;
				CLANG_WARN_ENUM_CONVERSION = YES;
				CLANG_WARN_INFINITE_RECURSION = YES;
				CLANG_WARN_INT_CONVERSION = YES;
				CLANG_WARN_OBJC_ROOT_CLASS = YES_ERROR;
				CLANG_WARN_SUSPICIOUS_MOVE = YES;
				CLANG_WARN_UNREACHABLE_CODE = YES;
				CLANG_WARN__DUPLICATE_METHOD_MATCH = YES;
				"CODE_SIGN_IDENTITY[sdk=iphoneos*]" = "iPhone Developer";
				COPY_PHASE_STRIP = NO;
				DEBUG_INFORMATION_FORMAT = "dwarf-with-dsym";
				ENABLE_NS_ASSERTIONS = NO;
				ENABLE_STRICT_OBJC_MSGSEND = YES;
				GCC_C_LANGUAGE_STANDARD = gnu99;
				GCC_NO_COMMON_BLOCKS = YES;
				GCC_WARN_64_TO_32_BIT_CONVERSION = YES;
				GCC_WARN_ABOUT_RETURN_TYPE = YES_ERROR;
				GCC_WARN_UNDECLARED_SELECTOR = YES;
				GCC_WARN_UNINITIALIZED_AUTOS = YES_AGGRESSIVE;
				GCC_WARN_UNUSED_FUNCTION = YES;
				GCC_WARN_UNUSED_VARIABLE = YES;
				IPHONEOS_DEPLOYMENT_TARGET = 10.2;
				MTL_ENABLE_DEBUG_INFO = NO;
				SDKROOT = iphoneos;
				TARGETED_DEVICE_FAMILY = "1,2";
				VALIDATE_PRODUCT = YES;
			};
			name = Release;
		};
		11F9C67C1E5457B7003BAAEA /* Debug */ = {
			isa = XCBuildConfiguration;
			buildSettings = {
				ASSETCATALOG_COMPILER_APPICON_NAME = AppIcon;
				DEVELOPMENT_TEAM = L2LYHXGC7E;
				INFOPLIST_FILE = TestDemo/Info.plist;
				IPHONEOS_DEPLOYMENT_TARGET = 8.0;
				LD_RUNPATH_SEARCH_PATHS = "$(inherited) @executable_path/Frameworks";
				PRODUCT_BUNDLE_IDENTIFIER = com.wangsen.demo;
				PRODUCT_NAME = "$(TARGET_NAME)";
			};
			name = Debug;
		};
		11F9C67D1E5457B7003BAAEA /* Release */ = {
			isa = XCBuildConfiguration;
			buildSettings = {
				ASSETCATALOG_COMPILER_APPICON_NAME = AppIcon;
				DEVELOPMENT_TEAM = L2LYHXGC7E;
				INFOPLIST_FILE = TestDemo/Info.plist;
				IPHONEOS_DEPLOYMENT_TARGET = 8.0;
				LD_RUNPATH_SEARCH_PATHS = "$(inherited) @executable_path/Frameworks";
				PRODUCT_BUNDLE_IDENTIFIER = com.wangsen.demo;
				PRODUCT_NAME = "$(TARGET_NAME)";
			};
			name = Release;
		};
		11F9C67F1E5457B7003BAAEA /* Debug */ = {
			isa = XCBuildConfiguration;
			buildSettings = {
				BUNDLE_LOADER = "$(TEST_HOST)";
				DEVELOPMENT_TEAM = L2LYHXGC7E;
				INFOPLIST_FILE = TestDemoTests/Info.plist;
				LD_RUNPATH_SEARCH_PATHS = "$(inherited) @executable_path/Frameworks @loader_path/Frameworks";
				PRODUCT_BUNDLE_IDENTIFIER = com.jiuling.wp.TestDemoTests;
				PRODUCT_NAME = "$(TARGET_NAME)";
				TEST_HOST = "$(BUILT_PRODUCTS_DIR)/TestDemo.app/TestDemo";
			};
			name = Debug;
		};
		11F9C6801E5457B7003BAAEA /* Release */ = {
			isa = XCBuildConfiguration;
			buildSettings = {
				BUNDLE_LOADER = "$(TEST_HOST)";
				DEVELOPMENT_TEAM = L2LYHXGC7E;
				INFOPLIST_FILE = TestDemoTests/Info.plist;
				LD_RUNPATH_SEARCH_PATHS = "$(inherited) @executable_path/Frameworks @loader_path/Frameworks";
				PRODUCT_BUNDLE_IDENTIFIER = com.jiuling.wp.TestDemoTests;
				PRODUCT_NAME = "$(TARGET_NAME)";
				TEST_HOST = "$(BUILT_PRODUCTS_DIR)/TestDemo.app/TestDemo";
			};
			name = Release;
		};
		11F9C6821E5457B7003BAAEA /* Debug */ = {
			isa = XCBuildConfiguration;
			buildSettings = {
				DEVELOPMENT_TEAM = L2LYHXGC7E;
				INFOPLIST_FILE = TestDemoUITests/Info.plist;
				LD_RUNPATH_SEARCH_PATHS = "$(inherited) @executable_path/Frameworks @loader_path/Frameworks";
				PRODUCT_BUNDLE_IDENTIFIER = com.jiuling.wp.TestDemoUITests;
				PRODUCT_NAME = "$(TARGET_NAME)";
				TEST_TARGET_NAME = TestDemo;
			};
			name = Debug;
		};
		11F9C6831E5457B7003BAAEA /* Release */ = {
			isa = XCBuildConfiguration;
			buildSettings = {
				DEVELOPMENT_TEAM = L2LYHXGC7E;
				INFOPLIST_FILE = TestDemoUITests/Info.plist;
				LD_RUNPATH_SEARCH_PATHS = "$(inherited) @executable_path/Frameworks @loader_path/Frameworks";
				PRODUCT_BUNDLE_IDENTIFIER = com.jiuling.wp.TestDemoUITests;
				PRODUCT_NAME = "$(TARGET_NAME)";
				TEST_TARGET_NAME = TestDemo;
			};
			name = Release;
		};
/* End XCBuildConfiguration section */

/* Begin XCConfigurationList section */
		11F9C6491E5457B7003BAAEA /* Build configuration list for PBXProject "TestDemo" */ = {
			isa = XCConfigurationList;
			buildConfigurations = (
				11F9C6791E5457B7003BAAEA /* Debug */,
				11F9C67A1E5457B7003BAAEA /* Release */,
			);
			defaultConfigurationIsVisible = 0;
			defaultConfigurationName = Release;
		};
		11F9C67B1E5457B7003BAAEA /* Build configuration list for PBXNativeTarget "TestDemo" */ = {
			isa = XCConfigurationList;
			buildConfigurations = (
				11F9C67C1E5457B7003BAAEA /* Debug */,
				11F9C67D1E5457B7003BAAEA /* Release */,
			);
			defaultConfigurationIsVisible = 0;
			defaultConfigurationName = Release;
		};
		11F9C67E1E5457B7003BAAEA /* Build configuration list for PBXNativeTarget "TestDemoTests" */ = {
			isa = XCConfigurationList;
			buildConfigurations = (
				11F9C67F1E5457B7003BAAEA /* Debug */,
				11F9C6801E5457B7003BAAEA /* Release */,
			);
			defaultConfigurationIsVisible = 0;
			defaultConfigurationName = Release;
		};
		11F9C6811E5457B7003BAAEA /* Build configuration list for PBXNativeTarget "TestDemoUITests" */ = {
			isa = XCConfigurationList;
			buildConfigurations = (
				11F9C6821E5457B7003BAAEA /* Debug */,
				11F9C6831E5457B7003BAAEA /* Release */,
			);
			defaultConfigurationIsVisible = 0;
			defaultConfigurationName = Release;
		};
/* End XCConfigurationList section */
	};
	rootObject = 11F9C6461E5457B7003BAAEA /* Project object */;
}
